
Microsoft Visual Studio Solution File, Format Version 12.00
# Visual Studio Version 17
VisualStudioVersion = 17.6.33829.357
MinimumVisualStudioVersion = 10.0.40219.1
Project("{FAE04EC0-301F-11D3-BF4B-00C04F79EFBC}") = "GloomwoodInspector", "GloomwoodInspector\GloomwoodInspector.csproj", "{F0E2A4FF-D69A-4DEB-841E-C40F5AD25176}"
EndProject
Global
	GlobalSection(SolutionConfigurationPlatforms) = preSolution
		Debug|Any CPU = Debug|Any CPU
		Release|Any CPU = Release|Any CPU
	EndGlobalSection
	GlobalSection(ProjectConfigurationPlatforms) = postSolution
		{F0E2A4FF-D69A-4DEB-841E-C40F5AD25176}.Debug|Any CPU.ActiveCfg = Debug|Any CPU
		{F0E2A4FF-D69A-4DEB-841E-C40F5AD25176}.Debug|Any CPU.Build.0 = Debug|Any CPU
		{F0E2A4FF-D69A-4DEB-841E-C40F5AD25176}.Release|Any CPU.ActiveCfg = Release|Any CPU
		{F0E2A4FF-D69A-4DEB-841E-C40F5AD25176}.Release|Any CPU.Build.0 = Release|Any CPU
	EndGlobalSection
	GlobalSection(SolutionProperties) = preSolution
		HideSolutionNode = FALSE
	EndGlobalSection
	GlobalSection(ExtensibilityGlobals) = postSolution
		SolutionGuid = {DE3B9586-63FC-4654-866C-1A0431C1D82B}
	EndGlobalSection
EndGlobal
